Microsoft Visual Studio Solution File, Format Version 12.00
# Visual Studio Version 17
VisualStudioVersion = 17.5.2.0
MinimumVisualStudioVersion = 10.0.40219.1
Project("{FAE04EC0-301F-11D3-BF4B-00C04F79EFBC}") = "Searching_algorithms", "Searching_algorithms.csproj", "{8DBBEEE8-CC31-EE4B-D881-F94027ECA357}"
EndProject
Global
	GlobalSection(SolutionConfigurationPlatforms) = preSolution
		Debug|Any CPU = Debug|Any CPU
		Release|Any CPU = Release|Any CPU
	EndGlobalSection
	GlobalSection(ProjectConfigurationPlatforms) = postSolution
		{8DBBEEE8-CC31-EE4B-D881-F94027ECA357}.Debug|Any CPU.ActiveCfg = Debug|Any CPU
		{8DBBEEE8-CC31-EE4B-D881-F94027ECA357}.Debug|Any CPU.Build.0 = Debug|Any CPU
		{8DBBEEE8-CC31-EE4B-D881-F94027ECA357}.Release|Any CPU.ActiveCfg = Release|Any CPU
		{8DBBEEE8-CC31-EE4B-D881-F94027ECA357}.Release|Any CPU.Build.0 = Release|Any CPU
	EndGlobalSection
	GlobalSection(SolutionProperties) = preSolution
		HideSolutionNode = FALSE
	EndGlobalSection
	GlobalSection(ExtensibilityGlobals) = postSolution
		SolutionGuid = {3608AFD4-5786-4AA9-89B1-911CEA956457}
	EndGlobalSection
EndGlobal
